{
  "version": 4,
  "terraform_version": "1.8.5",
  "serial": 22,
  "lineage": "6246ae10-c508-0eba-4fd6-f5df84347bbc",
  "outputs": {},
  "resources": [
    {
      "mode": "managed",
      "type": "azurerm_linux_virtual_machine",
      "name": "from-terraform-ioannis",
      "provider": "provider[\"registry.terraform.io/hashicorp/azurerm\"]",
      "instances": [
        {
          "schema_version": 0,
          "attributes": {
            "additional_capabilities": [],
            "admin_password": "Password1234!",
            "admin_ssh_key": [
              {
                "public_key": "ssh-rsa AAAAB3NzaC1yc2EAAAADAQABAAACAQCRDz0YV2Nwhel+IUlih8ta10ZIGnFlp1rOkpWxUlDe2aWCenyl7GIq9vOKn+7A1OSRI0APbmz9qTttZCAD2uYskuA7vcKb9RQ2140NL4Jy1Cs347I1eKxi6pTIqsC5rJmhXuE/R/rHbl/Y2vQllDnYEMVbQY/4/mKuU4pbnXKsgsba/1cUs2Z5hRYpK48GuIQhLpc9SOwbi6EhjU1Zq3SAIcV7vU5Dl9vxaIFKG1o8Grgun4QRQT8pVpNv7wEFUaEHwb2JKy9iKPDzDvXDbOASmXX9rGPRrpgpr/VM+w23dhrUpzgTyrYyJW6UbEUkIs/FnvT+cGrRjA+Kly6UEBLNuwL58+eOwPWtA/xRqCoWrj3/q0zyiTUwz9TAgD3gDdrTjIUXry9FFhZShn2cdDOnhQy3omhs1x0jHtJUNXjNcPoIHN/m+rsrgBfGuXWmqCSnqEyJ35yVDB5TaBqGUVYgYkKKSeP9aIl3oGKqZ6sEDbWyEoVMrp29/kN3Nulb9uIfAZr4pYNEJjirF4KrfXARdlorRl/+UFKGXC3DjFmrEFzOjUujnuGjmFnegJlprcRqpJbOffZM2FY1ZCnJMSH2xMt0QyQiCRQrkbfA9aY0l1jjyGSdgX6srlVtvvmYsjBVx7cHWmup0Vs6XEXVJm7vjrqtOV6zaym8R+J1FAf+aQ== ioannis.machaliotis@labom2iformation.fr\n",
                "username": "adminuser"
              }
            ],
            "admin_username": "adminuser",
            "allow_extension_operations": true,
            "availability_set_id": "",
            "boot_diagnostics": [],
            "bypass_platform_safety_checks_on_user_schedule_enabled": false,
            "capacity_reservation_group_id": "",
            "computer_name": "hostname",
            "custom_data": null,
            "dedicated_host_group_id": "",
            "dedicated_host_id": "",
            "disable_password_authentication": true,
            "disk_controller_type": "",
            "edge_zone": "",
            "encryption_at_host_enabled": false,
            "eviction_policy": "",
            "extensions_time_budget": "PT1H30M",
            "gallery_application": [],
            "id": "/subscriptions/9a86476e-b022-4aa8-9372-dab324cf625d/resourceGroups/from-terraform-ioannis-resources/providers/Microsoft.Compute/virtualMachines/from-terraform-ioannis-vm",
            "identity": [],
            "license_type": "",
            "location": "eastus",
            "max_bid_price": -1,
            "name": "from-terraform-ioannis-vm",
            "network_interface_ids": [
              "/subscriptions/9a86476e-b022-4aa8-9372-dab324cf625d/resourceGroups/from-terraform-ioannis-resources/providers/Microsoft.Network/networkInterfaces/from-terraform-ioannis-nic"
            ],
            "os_disk": [
              {
                "caching": "ReadWrite",
                "diff_disk_settings": [],
                "disk_encryption_set_id": "",
                "disk_size_gb": 30,
                "name": "from-terraform-ioannis-vm_disk1_42045a0e0cf24d55b79cb8bb1bfdcc66",
                "secure_vm_disk_encryption_set_id": "",
                "security_encryption_type": "",
                "storage_account_type": "Standard_LRS",
                "write_accelerator_enabled": false
              }
            ],
            "os_image_notification": [],
            "patch_assessment_mode": "ImageDefault",
            "patch_mode": "ImageDefault",
            "plan": [],
            "platform_fault_domain": -1,
            "priority": "Regular",
            "private_ip_address": "10.0.1.4",
            "private_ip_addresses": [
              "10.0.1.4"
            ],
            "provision_vm_agent": true,
            "proximity_placement_group_id": "",
            "public_ip_address": "172.173.235.77",
            "public_ip_addresses": [
              "172.173.235.77"
            ],
            "reboot_setting": "",
            "resource_group_name": "from-terraform-ioannis-resources",
            "secret": [],
            "secure_boot_enabled": false,
            "size": "Standard_DS1_v2",
            "source_image_id": "",
            "source_image_reference": [
              {
                "offer": "UbuntuServer",
                "publisher": "Canonical",
                "sku": "18.04-LTS",
                "version": "latest"
              }
            ],
            "tags": {},
            "termination_notification": [],
            "timeouts": null,
            "user_data": "",
            "virtual_machine_id": "c440610f-7064-4038-bf4a-600c1bb1dd08",
            "virtual_machine_scale_set_id": "",
            "vm_agent_platform_updates_enabled": false,
            "vtpm_enabled": false,
            "zone": ""
          },
          "sensitive_attributes": [
            [
              {
                "type": "get_attr",
                "value": "admin_password"
              }
            ],
            [
              {
                "type": "get_attr",
                "value": "custom_data"
              }
            ]
          ],
          "private": "eyJlMmJmYjczMC1lY2FhLTExZTYtOGY4OC0zNDM2M2JjN2M0YzAiOnsiY3JlYXRlIjoyNzAwMDAwMDAwMDAwLCJkZWxldGUiOjI3MDAwMDAwMDAwMDAsInJlYWQiOjMwMDAwMDAwMDAwMCwidXBkYXRlIjoyNzAwMDAwMDAwMDAwfX0=",
          "dependencies": [
            "azurerm_network_interface.from-terraform-ioannis",
            "azurerm_public_ip.from-terraform-ioannis",
            "azurerm_resource_group.from-terraform-ioannis",
            "azurerm_subnet.from-terraform-ioannis",
            "azurerm_virtual_network.from-terraform-ioannis"
          ]
        }
      ]
    },
    {
      "mode": "managed",
      "type": "azurerm_network_interface",
      "name": "from-terraform-ioannis",
      "provider": "provider[\"registry.terraform.io/hashicorp/azurerm\"]",
      "instances": [
        {
          "schema_version": 0,
          "attributes": {
            "accelerated_networking_enabled": false,
            "applied_dns_servers": [],
            "auxiliary_mode": "",
            "auxiliary_sku": "",
            "dns_servers": [],
            "edge_zone": "",
            "enable_accelerated_networking": false,
            "enable_ip_forwarding": false,
            "id": "/subscriptions/9a86476e-b022-4aa8-9372-dab324cf625d/resourceGroups/from-terraform-ioannis-resources/providers/Microsoft.Network/networkInterfaces/from-terraform-ioannis-nic",
            "internal_dns_name_label": "",
            "internal_domain_name_suffix": "ez53ui5sbsdudfp225nggcwmig.bx.internal.cloudapp.net",
            "ip_configuration": [
              {
                "gateway_load_balancer_frontend_ip_configuration_id": "",
                "name": "internal",
                "primary": true,
                "private_ip_address": "10.0.1.4",
                "private_ip_address_allocation": "Dynamic",
                "private_ip_address_version": "IPv4",
                "public_ip_address_id": "/subscriptions/9a86476e-b022-4aa8-9372-dab324cf625d/resourceGroups/from-terraform-ioannis-resources/providers/Microsoft.Network/publicIPAddresses/from-terraform-ioannis-pip",
                "subnet_id": "/subscriptions/9a86476e-b022-4aa8-9372-dab324cf625d/resourceGroups/from-terraform-ioannis-resources/providers/Microsoft.Network/virtualNetworks/from-terraform-ioannis-vnet/subnets/from-terraform-ioannis-subnet"
              }
            ],
            "ip_forwarding_enabled": false,
            "location": "eastus",
            "mac_address": "60-45-BD-FE-FE-C7",
            "name": "from-terraform-ioannis-nic",
            "private_ip_address": "10.0.1.4",
            "private_ip_addresses": [
              "10.0.1.4"
            ],
            "resource_group_name": "from-terraform-ioannis-resources",
            "tags": {},
            "timeouts": null,
            "virtual_machine_id": "/subscriptions/9a86476e-b022-4aa8-9372-dab324cf625d/resourceGroups/from-terraform-ioannis-resources/providers/Microsoft.Compute/virtualMachines/from-terraform-ioannis-vm"
          },
          "sensitive_attributes": [],
          "private": "eyJlMmJmYjczMC1lY2FhLTExZTYtOGY4OC0zNDM2M2JjN2M0YzAiOnsiY3JlYXRlIjoxODAwMDAwMDAwMDAwLCJkZWxldGUiOjE4MDAwMDAwMDAwMDAsInJlYWQiOjMwMDAwMDAwMDAwMCwidXBkYXRlIjoxODAwMDAwMDAwMDAwfX0=",
          "dependencies": [
            "azurerm_public_ip.from-terraform-ioannis",
            "azurerm_resource_group.from-terraform-ioannis",
            "azurerm_subnet.from-terraform-ioannis",
            "azurerm_virtual_network.from-terraform-ioannis"
          ]
        }
      ]
    },
    {
      "mode": "managed",
      "type": "azurerm_public_ip",
      "name": "from-terraform-ioannis",
      "provider": "provider[\"registry.terraform.io/hashicorp/azurerm\"]",
      "instances": [
        {
          "schema_version": 0,
          "attributes": {
            "allocation_method": "Dynamic",
            "ddos_protection_mode": "VirtualNetworkInherited",
            "ddos_protection_plan_id": null,
            "domain_name_label": null,
            "edge_zone": "",
            "fqdn": null,
            "id": "/subscriptions/9a86476e-b022-4aa8-9372-dab324cf625d/resourceGroups/from-terraform-ioannis-resources/providers/Microsoft.Network/publicIPAddresses/from-terraform-ioannis-pip",
            "idle_timeout_in_minutes": 4,
            "ip_address": "172.173.235.77",
            "ip_tags": {},
            "ip_version": "IPv4",
            "location": "eastus",
            "name": "from-terraform-ioannis-pip",
            "public_ip_prefix_id": null,
            "resource_group_name": "from-terraform-ioannis-resources",
            "reverse_fqdn": null,
            "sku": "Basic",
            "sku_tier": "Regional",
            "tags": {},
            "timeouts": null,
            "zones": []
          },
          "sensitive_attributes": [],
          "private": "eyJlMmJmYjczMC1lY2FhLTExZTYtOGY4OC0zNDM2M2JjN2M0YzAiOnsiY3JlYXRlIjoxODAwMDAwMDAwMDAwLCJkZWxldGUiOjE4MDAwMDAwMDAwMDAsInJlYWQiOjMwMDAwMDAwMDAwMCwidXBkYXRlIjoxODAwMDAwMDAwMDAwfX0=",
          "dependencies": [
            "azurerm_resource_group.from-terraform-ioannis"
          ]
        }
      ]
    },
    {
      "mode": "managed",
      "type": "azurerm_resource_group",
      "name": "from-terraform-ioannis",
      "provider": "provider[\"registry.terraform.io/hashicorp/azurerm\"]",
      "instances": [
        {
          "schema_version": 0,
          "attributes": {
            "id": "/subscriptions/9a86476e-b022-4aa8-9372-dab324cf625d/resourceGroups/from-terraform-ioannis-resources",
            "location": "eastus",
            "managed_by": "",
            "name": "from-terraform-ioannis-resources",
            "tags": {},
            "timeouts": null
          },
          "sensitive_attributes": [],
          "private": "eyJlMmJmYjczMC1lY2FhLTExZTYtOGY4OC0zNDM2M2JjN2M0YzAiOnsiY3JlYXRlIjo1NDAwMDAwMDAwMDAwLCJkZWxldGUiOjU0MDAwMDAwMDAwMDAsInJlYWQiOjMwMDAwMDAwMDAwMCwidXBkYXRlIjo1NDAwMDAwMDAwMDAwfX0="
        }
      ]
    },
    {
      "mode": "managed",
      "type": "azurerm_subnet",
      "name": "from-terraform-ioannis",
      "provider": "provider[\"registry.terraform.io/hashicorp/azurerm\"]",
      "instances": [
        {
          "schema_version": 0,
          "attributes": {
            "address_prefixes": [
              "10.0.1.0/24"
            ],
            "default_outbound_access_enabled": true,
            "delegation": [],
            "enforce_private_link_endpoint_network_policies": false,
            "enforce_private_link_service_network_policies": false,
            "id": "/subscriptions/9a86476e-b022-4aa8-9372-dab324cf625d/resourceGroups/from-terraform-ioannis-resources/providers/Microsoft.Network/virtualNetworks/from-terraform-ioannis-vnet/subnets/from-terraform-ioannis-subnet",
            "name": "from-terraform-ioannis-subnet",
            "private_endpoint_network_policies": "Enabled",
            "private_endpoint_network_policies_enabled": true,
            "private_link_service_network_policies_enabled": true,
            "resource_group_name": "from-terraform-ioannis-resources",
            "service_endpoint_policy_ids": [],
            "service_endpoints": [],
            "timeouts": null,
            "virtual_network_name": "from-terraform-ioannis-vnet"
          },
          "sensitive_attributes": [],
          "private": "eyJlMmJmYjczMC1lY2FhLTExZTYtOGY4OC0zNDM2M2JjN2M0YzAiOnsiY3JlYXRlIjoxODAwMDAwMDAwMDAwLCJkZWxldGUiOjE4MDAwMDAwMDAwMDAsInJlYWQiOjMwMDAwMDAwMDAwMCwidXBkYXRlIjoxODAwMDAwMDAwMDAwfX0=",
          "dependencies": [
            "azurerm_resource_group.from-terraform-ioannis",
            "azurerm_virtual_network.from-terraform-ioannis"
          ]
        }
      ]
    },
    {
      "mode": "managed",
      "type": "azurerm_virtual_network",
      "name": "from-terraform-ioannis",
      "provider": "provider[\"registry.terraform.io/hashicorp/azurerm\"]",
      "instances": [
        {
          "schema_version": 0,
          "attributes": {
            "address_space": [
              "10.0.0.0/16"
            ],
            "bgp_community": "",
            "ddos_protection_plan": [],
            "dns_servers": [],
            "edge_zone": "",
            "encryption": [],
            "flow_timeout_in_minutes": 0,
            "guid": "23da7f26-0cf2-4187-95fc-e7da630acc46",
            "id": "/subscriptions/9a86476e-b022-4aa8-9372-dab324cf625d/resourceGroups/from-terraform-ioannis-resources/providers/Microsoft.Network/virtualNetworks/from-terraform-ioannis-vnet",
            "location": "eastus",
            "name": "from-terraform-ioannis-vnet",
            "resource_group_name": "from-terraform-ioannis-resources",
            "subnet": [
              {
                "address_prefix": "10.0.1.0/24",
                "id": "/subscriptions/9a86476e-b022-4aa8-9372-dab324cf625d/resourceGroups/from-terraform-ioannis-resources/providers/Microsoft.Network/virtualNetworks/from-terraform-ioannis-vnet/subnets/from-terraform-ioannis-subnet",
                "name": "from-terraform-ioannis-subnet",
                "security_group": ""
              }
            ],
            "tags": {},
            "timeouts": null
          },
          "sensitive_attributes": [],
          "private": "eyJlMmJmYjczMC1lY2FhLTExZTYtOGY4OC0zNDM2M2JjN2M0YzAiOnsiY3JlYXRlIjoxODAwMDAwMDAwMDAwLCJkZWxldGUiOjE4MDAwMDAwMDAwMDAsInJlYWQiOjMwMDAwMDAwMDAwMCwidXBkYXRlIjoxODAwMDAwMDAwMDAwfX0=",
          "dependencies": [
            "azurerm_resource_group.from-terraform-ioannis"
          ]
        }
      ]
    }
  ],
  "check_results": null
}
